
Microsoft Visual Studio Solution File, Format Version 12.00
# Visual Studio Version 16
VisualStudioVersion = 16.0.29728.190
MinimumVisualStudioVersion = 10.0.40219.1
Project("{FAE04EC0-301F-11D3-BF4B-00C04F79EFBC}") = "CreateClassObject", "CreateClassObject\CreateClassObject.csproj", "{B0A15734-CF77-4147-BFA4-77280E9B5018}"
EndProject
Global
	GlobalSection(SolutionConfigurationPlatforms) = preSolution
		Debug|Any CPU = Debug|Any CPU
		Release|Any CPU = Release|Any CPU
	EndGlobalSection
	GlobalSection(ProjectConfigurationPlatforms) = postSolution
		{B0A15734-CF77-4147-BFA4-77280E9B5018}.Debug|Any CPU.ActiveCfg = Debug|Any CPU
		{B0A15734-CF77-4147-BFA4-77280E9B5018}.Debug|Any CPU.Build.0 = Debug|Any CPU
		{B0A15734-CF77-4147-BFA4-77280E9B5018}.Release|Any CPU.ActiveCfg = Release|Any CPU
		{B0A15734-CF77-4147-BFA4-77280E9B5018}.Release|Any CPU.Build.0 = Release|Any CPU
	EndGlobalSection
	GlobalSection(SolutionProperties) = preSolution
		HideSolutionNode = FALSE
	EndGlobalSection
	GlobalSection(ExtensibilityGlobals) = postSolution
		SolutionGuid = {BD8B1748-EE43-47FF-91D1-B73126BF0B9F}
	EndGlobalSection
EndGlobal
